
Microsoft Visual Studio Solution File, Format Version 12.00
# Visual Studio Version 16
VisualStudioVersion = 16.0.33927.289
MinimumVisualStudioVersion = 10.0.40219.1
Project("{2150E333-8FDC-42A3-9474-1A3956D46DE8}") = "Task0", "Task0", "{E30EDBAC-CFDC-423F-A983-1E1EA4492594}"
EndProject
Project("{FAE04EC0-301F-11D3-BF4B-00C04F79EFBC}") = "Tyuiu.YagodinVA.Sprint1.Task0.V30", "Tyuiu.YagodinVA.Sprint1.Task0.V30\Tyuiu.YagodinVA.Sprint1.Task0.V30.csproj", "{250C53D1-8976-4D97-BC61-4CC01F818FF3}"
EndProject
Project("{FAE04EC0-301F-11D3-BF4B-00C04F79EFBC}") = "Tyuiu.YagodinVA.Sprint1.Task0.V30.Lib", "Tyuiu.YagodinVA.Sprint1.Task0.V30.Lib\Tyuiu.YagodinVA.Sprint1.Task0.V30.Lib.csproj", "{C6AEF029-3528-4948-A9EB-36AE74A08E54}"
EndProject
Project("{FAE04EC0-301F-11D3-BF4B-00C04F79EFBC}") = "Tyuiu.YagodinVA.Sprint1.Task0.V30.Test", "Tyuiu.YagodinVA.Sprint1.Task0.V30.Test\Tyuiu.YagodinVA.Sprint1.Task0.V30.Test.csproj", "{26D6624C-FA79-489D-980C-B141974DED41}"
EndProject
Project("{2150E333-8FDC-42A3-9474-1A3956D46DE8}") = "Task1", "Task1", "{C461E6CE-0CC0-45C4-BC59-3CD1865B4DDD}"
EndProject
Project("{FAE04EC0-301F-11D3-BF4B-00C04F79EFBC}") = "Tyuiu.YagodinVA.Sprint1.Task1.V13", "Tyuiu.YagodinVA.Sprint1.Task1.V13\Tyuiu.YagodinVA.Sprint1.Task1.V13.csproj", "{00F47722-0A55-4B7A-9629-AA5C00CC0AF3}"
EndProject
Project("{FAE04EC0-301F-11D3-BF4B-00C04F79EFBC}") = "Tyuiu.YagodinVA.Sprint1.Task1.V13.Lib", "Tyuiu.YagodinVA.Sprint1.Task1.V13.Lib\Tyuiu.YagodinVA.Sprint1.Task1.V13.Lib.csproj", "{59EFC7F5-98E1-4B2F-9E60-5E21458563EB}"
EndProject
Project("{FAE04EC0-301F-11D3-BF4B-00C04F79EFBC}") = "Tyuiu.YagodinVA.Sprint1.Task1.V13.Test", "Tyuiu.YagodinVA.Sprint1.Task1.V13.Test\Tyuiu.YagodinVA.Sprint1.Task1.V13.Test.csproj", "{63343444-673D-4E07-A833-3C34D4AC38CE}"
EndProject
Project("{2150E333-8FDC-42A3-9474-1A3956D46DE8}") = "Task2", "Task2", "{C907720F-D4BC-42A7-B871-9A7F6AC523E9}"
EndProject
Project("{FAE04EC0-301F-11D3-BF4B-00C04F79EFBC}") = "Tyuiu.YagodinVA.Sprint1.Task2.V1", "Tyuiu.YagodinVA.Sprint1.Task2.V1\Tyuiu.YagodinVA.Sprint1.Task2.V1.csproj", "{33A7BDFB-97A7-4C8F-B621-1B6D89B15859}"
EndProject
Project("{FAE04EC0-301F-11D3-BF4B-00C04F79EFBC}") = "Tyuiu.YagodinVA.Sprint1.Task2.V1.Lib", "Tyuiu.YagodinVA.Sprint1.Task2.V1.Lib\Tyuiu.YagodinVA.Sprint1.Task2.V1.Lib.csproj", "{3F8E8BCF-17A0-45CC-82E1-0D52A7473E01}"
EndProject
Project("{FAE04EC0-301F-11D3-BF4B-00C04F79EFBC}") = "Tyuiu.YagodinVA.Sprint1.Task2.V1.Test", "Tyuiu.YagodinVA.Sprint1.Task2.V1.Test\Tyuiu.YagodinVA.Sprint1.Task2.V1.Test.csproj", "{4AD915AD-025A-477C-815F-A2FB9D9921AF}"
EndProject
Project("{2150E333-8FDC-42A3-9474-1A3956D46DE8}") = "Task3", "Task3", "{A9A98D74-CDC6-4B38-BA7D-15470243BD53}"
EndProject
Project("{FAE04EC0-301F-11D3-BF4B-00C04F79EFBC}") = "Tyuiu.YagodinVA.Sprint1.Task3.V14", "Tyuiu.YagodinVA.Sprint1.Task3.V14\Tyuiu.YagodinVA.Sprint1.Task3.V14.csproj", "{8CD1CF43-01BC-4A2E-9D85-7468D4A040C0}"
EndProject
Project("{FAE04EC0-301F-11D3-BF4B-00C04F79EFBC}") = "Tyuiu.YagodinVA.Sprint1.Task3.V14.Lib", "Tyuiu.YagodinVA.Sprint1.Task3.V14.Lib\Tyuiu.YagodinVA.Sprint1.Task3.V14.Lib.csproj", "{FE59A23A-B93D-41CB-9C17-F828B768C172}"
EndProject
Project("{FAE04EC0-301F-11D3-BF4B-00C04F79EFBC}") = "Tyuiu.YagodinVA.Sprint1.Task3.V14.Test", "Tyuiu.YagodinVA.Sprint1.Task3.V14.Test\Tyuiu.YagodinVA.Sprint1.Task3.V14.Test.csproj", "{75C4FF80-DD6C-4EFC-937B-7B650C79ECDB}"
EndProject
Project("{2150E333-8FDC-42A3-9474-1A3956D46DE8}") = "Task4", "Task4", "{7844EBAA-8A7F-40A0-A718-0FAB0C28F6D9}"
EndProject
Project("{FAE04EC0-301F-11D3-BF4B-00C04F79EFBC}") = "Tyuiu.YagodinVA.Sprint1.Task4.V21", "Tyuiu.YagodinVA.Sprint1.Task4.V21\Tyuiu.YagodinVA.Sprint1.Task4.V21.csproj", "{4FEFC109-9B9C-4C6D-BCBE-448908513CD1}"
EndProject
Project("{FAE04EC0-301F-11D3-BF4B-00C04F79EFBC}") = "Tyuiu.YagodinVA.Sprint1.Task4.V21.Lib", "Tyuiu.YagodinVA.Sprint1.Task4.V21.Lib\Tyuiu.YagodinVA.Sprint1.Task4.V21.Lib.csproj", "{D70C9568-0A55-4C2A-95B1-BF3B785C5DEA}"
EndProject
Project("{FAE04EC0-301F-11D3-BF4B-00C04F79EFBC}") = "Tyuiu.YagodinVA.Sprint1.Task4.V21.Test", "Tyuiu.YagodinVA.Sprint1.Task4.V21.Test\Tyuiu.YagodinVA.Sprint1.Task4.V21.Test.csproj", "{A25F92E0-8440-4847-BC52-CB8527BB0AEE}"
EndProject
Project("{2150E333-8FDC-42A3-9474-1A3956D46DE8}") = "Task5", "Task5", "{9AB69E3E-FA2F-47EB-BBBF-43BF644B6DD9}"
EndProject
Project("{FAE04EC0-301F-11D3-BF4B-00C04F79EFBC}") = "Tyuiu.YagodinVA.Sprint1.Task5.V2", "Tyuiu.YagodinVA.Sprint1.Task5.V2\Tyuiu.YagodinVA.Sprint1.Task5.V2.csproj", "{80C30D6B-F027-4888-AA25-013864AB81C3}"
EndProject
Project("{FAE04EC0-301F-11D3-BF4B-00C04F79EFBC}") = "Tyuiu.YagodinVA.Sprint1.Task5.V2.Lib", "Tyuiu.YagodinVA.Sprint1.Task5.V2.Lib\Tyuiu.YagodinVA.Sprint1.Task5.V2.Lib.csproj", "{3A4706C3-648A-4B0F-8CC9-963DB92EF7D2}"
EndProject
Project("{FAE04EC0-301F-11D3-BF4B-00C04F79EFBC}") = "Tyuiu.YagodinVA.Sprint1.Task5.V2.Test", "Tyuiu.YagodinVA.Sprint1.Task5.V2.Test\Tyuiu.YagodinVA.Sprint1.Task5.V2.Test.csproj", "{3A3F6A6C-D3F0-4E02-8A2A-5BD1AC738BD0}"
EndProject
Project("{2150E333-8FDC-42A3-9474-1A3956D46DE8}") = "Task6", "Task6", "{B90275D5-6776-4F62-9AEB-F4B64B224497}"
EndProject
Project("{FAE04EC0-301F-11D3-BF4B-00C04F79EFBC}") = "Tyuiu.YagodinVA.Sprint1.Task6.V11", "Tyuiu.YagodinVA.Sprint1.Task6.V11\Tyuiu.YagodinVA.Sprint1.Task6.V11.csproj", "{4FA43A78-877D-4F35-9FCE-FA0C56583A8C}"
EndProject
Project("{FAE04EC0-301F-11D3-BF4B-00C04F79EFBC}") = "Tyuiu.YagodinVA.Sprint1.Task6.V11.Lib", "Tyuiu.YagodinVA.Sprint1.Task6.V11.Lib\Tyuiu.YagodinVA.Sprint1.Task6.V11.Lib.csproj", "{A0F900D0-ADB4-49F8-868B-7ABE29987DBF}"
EndProject
Project("{FAE04EC0-301F-11D3-BF4B-00C04F79EFBC}") = "Tyuiu.YagodinVA.Sprint1.Task6.V11.Test", "Tyuiu.YagodinVA.Sprint1.Task6.V11.Test\Tyuiu.YagodinVA.Sprint1.Task6.V11.Test.csproj", "{10B6C664-77DE-4FCA-A2AA-5420562F2D45}"
EndProject
Project("{2150E333-8FDC-42A3-9474-1A3956D46DE8}") = "Task7", "Task7", "{EB4F0615-494A-466E-AA17-93C2F6AF371F}"
EndProject
Project("{FAE04EC0-301F-11D3-BF4B-00C04F79EFBC}") = "Tyuiu.YagodinVA.Sprint1.Task7.V11", "Tyuiu.YagodinVA.Sprint1.Task7.V11\Tyuiu.YagodinVA.Sprint1.Task7.V11.csproj", "{860BBBAB-E407-46C8-A888-0076682716E6}"
EndProject
Project("{FAE04EC0-301F-11D3-BF4B-00C04F79EFBC}") = "Tyuiu.YagodinVA.Sprint1.Task7.V11.Lib", "Tyuiu.YagodinVA.Sprint1.Task7.V11.Lib\Tyuiu.YagodinVA.Sprint1.Task7.V11.Lib.csproj", "{B0B420E3-C09F-4316-BE2F-60285D3C73A9}"
EndProject
Project("{FAE04EC0-301F-11D3-BF4B-00C04F79EFBC}") = "Tyuiu.YagodinVA.Sprint1.Task7.V11.Lib.Test", "Tyuiu.YagodinVA.Sprint1.Task7.V11.Lib.Test\Tyuiu.YagodinVA.Sprint1.Task7.V11.Lib.Test.csproj", "{83A01BBF-55EB-413F-906C-D3BAA7543817}"
EndProject
Global
	GlobalSection(SolutionConfigurationPlatforms) = preSolution
		Debug|Any CPU = Debug|Any CPU
		Release|Any CPU = Release|Any CPU
	EndGlobalSection
	GlobalSection(ProjectConfigurationPlatforms) = postSolution
		{250C53D1-8976-4D97-BC61-4CC01F818FF3}.Debug|Any CPU.ActiveCfg = Debug|Any CPU
		{250C53D1-8976-4D97-BC61-4CC01F818FF3}.Debug|Any CPU.Build.0 = Debug|Any CPU
		{250C53D1-8976-4D97-BC61-4CC01F818FF3}.Release|Any CPU.ActiveCfg = Release|Any CPU
		{250C53D1-8976-4D97-BC61-4CC01F818FF3}.Release|Any CPU.Build.0 = Release|Any CPU
		{C6AEF029-3528-4948-A9EB-36AE74A08E54}.Debug|Any CPU.ActiveCfg = Debug|Any CPU
		{C6AEF029-3528-4948-A9EB-36AE74A08E54}.Debug|Any CPU.Build.0 = Debug|Any CPU
		{C6AEF029-3528-4948-A9EB-36AE74A08E54}.Release|Any CPU.ActiveCfg = Release|Any CPU
		{C6AEF029-3528-4948-A9EB-36AE74A08E54}.Release|Any CPU.Build.0 = Release|Any CPU
		{26D6624C-FA79-489D-980C-B141974DED41}.Debug|Any CPU.ActiveCfg = Debug|Any CPU
		{26D6624C-FA79-489D-980C-B141974DED41}.Debug|Any CPU.Build.0 = Debug|Any CPU
		{26D6624C-FA79-489D-980C-B141974DED41}.Release|Any CPU.ActiveCfg = Release|Any CPU
		{26D6624C-FA79-489D-980C-B141974DED41}.Release|Any CPU.Build.0 = Release|Any CPU
		{00F47722-0A55-4B7A-9629-AA5C00CC0AF3}.Debug|Any CPU.ActiveCfg = Debug|Any CPU
		{00F47722-0A55-4B7A-9629-AA5C00CC0AF3}.Debug|Any CPU.Build.0 = Debug|Any CPU
		{00F47722-0A55-4B7A-9629-AA5C00CC0AF3}.Release|Any CPU.ActiveCfg = Release|Any CPU
		{00F47722-0A55-4B7A-9629-AA5C00CC0AF3}.Release|Any CPU.Build.0 = Release|Any CPU
		{59EFC7F5-98E1-4B2F-9E60-5E21458563EB}.Debug|Any CPU.ActiveCfg = Debug|Any CPU
		{59EFC7F5-98E1-4B2F-9E60-5E21458563EB}.Debug|Any CPU.Build.0 = Debug|Any CPU
		{59EFC7F5-98E1-4B2F-9E60-5E21458563EB}.Release|Any CPU.ActiveCfg = Release|Any CPU
		{59EFC7F5-98E1-4B2F-9E60-5E21458563EB}.Release|Any CPU.Build.0 = Release|Any CPU
		{63343444-673D-4E07-A833-3C34D4AC38CE}.Debug|Any CPU.ActiveCfg = Debug|Any CPU
		{63343444-673D-4E07-A833-3C34D4AC38CE}.Debug|Any CPU.Build.0 = Debug|Any CPU
		{63343444-673D-4E07-A833-3C34D4AC38CE}.Release|Any CPU.ActiveCfg = Release|Any CPU
		{63343444-673D-4E07-A833-3C34D4AC38CE}.Release|Any CPU.Build.0 = Release|Any CPU
		{33A7BDFB-97A7-4C8F-B621-1B6D89B15859}.Debug|Any CPU.ActiveCfg = Debug|Any CPU
		{33A7BDFB-97A7-4C8F-B621-1B6D89B15859}.Debug|Any CPU.Build.0 = Debug|Any CPU
		{33A7BDFB-97A7-4C8F-B621-1B6D89B15859}.Release|Any CPU.ActiveCfg = Release|Any CPU
		{33A7BDFB-97A7-4C8F-B621-1B6D89B15859}.Release|Any CPU.Build.0 = Release|Any CPU
		{3F8E8BCF-17A0-45CC-82E1-0D52A7473E01}.Debug|Any CPU.ActiveCfg = Debug|Any CPU
		{3F8E8BCF-17A0-45CC-82E1-0D52A7473E01}.Debug|Any CPU.Build.0 = Debug|Any CPU
		{3F8E8BCF-17A0-45CC-82E1-0D52A7473E01}.Release|Any CPU.ActiveCfg = Release|Any CPU
		{3F8E8BCF-17A0-45CC-82E1-0D52A7473E01}.Release|Any CPU.Build.0 = Release|Any CPU
		{4AD915AD-025A-477C-815F-A2FB9D9921AF}.Debug|Any CPU.ActiveCfg = Debug|Any CPU
		{4AD915AD-025A-477C-815F-A2FB9D9921AF}.Debug|Any CPU.Build.0 = Debug|Any CPU
		{4AD915AD-025A-477C-815F-A2FB9D9921AF}.Release|Any CPU.ActiveCfg = Release|Any CPU
		{4AD915AD-025A-477C-815F-A2FB9D9921AF}.Release|Any CPU.Build.0 = Release|Any CPU
		{8CD1CF43-01BC-4A2E-9D85-7468D4A040C0}.Debug|Any CPU.ActiveCfg = Debug|Any CPU
		{8CD1CF43-01BC-4A2E-9D85-7468D4A040C0}.Debug|Any CPU.Build.0 = Debug|Any CPU
		{8CD1CF43-01BC-4A2E-9D85-7468D4A040C0}.Release|Any CPU.ActiveCfg = Release|Any CPU
		{8CD1CF43-01BC-4A2E-9D85-7468D4A040C0}.Release|Any CPU.Build.0 = Release|Any CPU
		{FE59A23A-B93D-41CB-9C17-F828B768C172}.Debug|Any CPU.ActiveCfg = Debug|Any CPU
		{FE59A23A-B93D-41CB-9C17-F828B768C172}.Debug|Any CPU.Build.0 = Debug|Any CPU
		{FE59A23A-B93D-41CB-9C17-F828B768C172}.Release|Any CPU.ActiveCfg = Release|Any CPU
		{FE59A23A-B93D-41CB-9C17-F828B768C172}.Release|Any CPU.Build.0 = Release|Any CPU
		{75C4FF80-DD6C-4EFC-937B-7B650C79ECDB}.Debug|Any CPU.ActiveCfg = Debug|Any CPU
		{75C4FF80-DD6C-4EFC-937B-7B650C79ECDB}.Debug|Any CPU.Build.0 = Debug|Any CPU
		{75C4FF80-DD6C-4EFC-937B-7B650C79ECDB}.Release|Any CPU.ActiveCfg = Release|Any CPU
		{75C4FF80-DD6C-4EFC-937B-7B650C79ECDB}.Release|Any CPU.Build.0 = Release|Any CPU
		{4FEFC109-9B9C-4C6D-BCBE-448908513CD1}.Debug|Any CPU.ActiveCfg = Debug|Any CPU
		{4FEFC109-9B9C-4C6D-BCBE-448908513CD1}.Debug|Any CPU.Build.0 = Debug|Any CPU
		{4FEFC109-9B9C-4C6D-BCBE-448908513CD1}.Release|Any CPU.ActiveCfg = Release|Any CPU
		{4FEFC109-9B9C-4C6D-BCBE-448908513CD1}.Release|Any CPU.Build.0 = Release|Any CPU
		{D70C9568-0A55-4C2A-95B1-BF3B785C5DEA}.Debug|Any CPU.ActiveCfg = Debug|Any CPU
		{D70C9568-0A55-4C2A-95B1-BF3B785C5DEA}.Debug|Any CPU.Build.0 = Debug|Any CPU
		{D70C9568-0A55-4C2A-95B1-BF3B785C5DEA}.Release|Any CPU.ActiveCfg = Release|Any CPU
		{D70C9568-0A55-4C2A-95B1-BF3B785C5DEA}.Release|Any CPU.Build.0 = Release|Any CPU
		{A25F92E0-8440-4847-BC52-CB8527BB0AEE}.Debug|Any CPU.ActiveCfg = Debug|Any CPU
		{A25F92E0-8440-4847-BC52-CB8527BB0AEE}.Debug|Any CPU.Build.0 = Debug|Any CPU
		{A25F92E0-8440-4847-BC52-CB8527BB0AEE}.Release|Any CPU.ActiveCfg = Release|Any CPU
		{A25F92E0-8440-4847-BC52-CB8527BB0AEE}.Release|Any CPU.Build.0 = Release|Any CPU
		{80C30D6B-F027-4888-AA25-013864AB81C3}.Debug|Any CPU.ActiveCfg = Debug|Any CPU
		{80C30D6B-F027-4888-AA25-013864AB81C3}.Debug|Any CPU.Build.0 = Debug|Any CPU
		{80C30D6B-F027-4888-AA25-013864AB81C3}.Release|Any CPU.ActiveCfg = Release|Any CPU
		{80C30D6B-F027-4888-AA25-013864AB81C3}.Release|Any CPU.Build.0 = Release|Any CPU
		{3A4706C3-648A-4B0F-8CC9-963DB92EF7D2}.Debug|Any CPU.ActiveCfg = Debug|Any CPU
		{3A4706C3-648A-4B0F-8CC9-963DB92EF7D2}.Debug|Any CPU.Build.0 = Debug|Any CPU
		{3A4706C3-648A-4B0F-8CC9-963DB92EF7D2}.Release|Any CPU.ActiveCfg = Release|Any CPU
		{3A4706C3-648A-4B0F-8CC9-963DB92EF7D2}.Release|Any CPU.Build.0 = Release|Any CPU
		{3A3F6A6C-D3F0-4E02-8A2A-5BD1AC738BD0}.Debug|Any CPU.ActiveCfg = Debug|Any CPU
		{3A3F6A6C-D3F0-4E02-8A2A-5BD1AC738BD0}.Debug|Any CPU.Build.0 = Debug|Any CPU
		{3A3F6A6C-D3F0-4E02-8A2A-5BD1AC738BD0}.Release|Any CPU.ActiveCfg = Release|Any CPU
		{3A3F6A6C-D3F0-4E02-8A2A-5BD1AC738BD0}.Release|Any CPU.Build.0 = Release|Any CPU
		{4FA43A78-877D-4F35-9FCE-FA0C56583A8C}.Debug|Any CPU.ActiveCfg = Debug|Any CPU
		{4FA43A78-877D-4F35-9FCE-FA0C56583A8C}.Debug|Any CPU.Build.0 = Debug|Any CPU
		{4FA43A78-877D-4F35-9FCE-FA0C56583A8C}.Release|Any CPU.ActiveCfg = Release|Any CPU
		{4FA43A78-877D-4F35-9FCE-FA0C56583A8C}.Release|Any CPU.Build.0 = Release|Any CPU
		{A0F900D0-ADB4-49F8-868B-7ABE29987DBF}.Debug|Any CPU.ActiveCfg = Debug|Any CPU
		{A0F900D0-ADB4-49F8-868B-7ABE29987DBF}.Debug|Any CPU.Build.0 = Debug|Any CPU
		{A0F900D0-ADB4-49F8-868B-7ABE29987DBF}.Release|Any CPU.ActiveCfg = Release|Any CPU
		{A0F900D0-ADB4-49F8-868B-7ABE29987DBF}.Release|Any CPU.Build.0 = Release|Any CPU
		{10B6C664-77DE-4FCA-A2AA-5420562F2D45}.Debug|Any CPU.ActiveCfg = Debug|Any CPU
		{10B6C664-77DE-4FCA-A2AA-5420562F2D45}.Debug|Any CPU.Build.0 = Debug|Any CPU
		{10B6C664-77DE-4FCA-A2AA-5420562F2D45}.Release|Any CPU.ActiveCfg = Release|Any CPU
		{10B6C664-77DE-4FCA-A2AA-5420562F2D45}.Release|Any CPU.Build.0 = Release|Any CPU
		{860BBBAB-E407-46C8-A888-0076682716E6}.Debug|Any CPU.ActiveCfg = Debug|Any CPU
		{860BBBAB-E407-46C8-A888-0076682716E6}.Debug|Any CPU.Build.0 = Debug|Any CPU
		{860BBBAB-E407-46C8-A888-0076682716E6}.Release|Any CPU.ActiveCfg = Release|Any CPU
		{860BBBAB-E407-46C8-A888-0076682716E6}.Release|Any CPU.Build.0 = Release|Any CPU
		{B0B420E3-C09F-4316-BE2F-60285D3C73A9}.Debug|Any CPU.ActiveCfg = Debug|Any CPU
		{B0B420E3-C09F-4316-BE2F-60285D3C73A9}.Debug|Any CPU.Build.0 = Debug|Any CPU
		{B0B420E3-C09F-4316-BE2F-60285D3C73A9}.Release|Any CPU.ActiveCfg = Release|Any CPU
		{B0B420E3-C09F-4316-BE2F-60285D3C73A9}.Release|Any CPU.Build.0 = Release|Any CPU
		{83A01BBF-55EB-413F-906C-D3BAA7543817}.Debug|Any CPU.ActiveCfg = Debug|Any CPU
		{83A01BBF-55EB-413F-906C-D3BAA7543817}.Debug|Any CPU.Build.0 = Debug|Any CPU
		{83A01BBF-55EB-413F-906C-D3BAA7543817}.Release|Any CPU.ActiveCfg = Release|Any CPU
		{83A01BBF-55EB-413F-906C-D3BAA7543817}.Release|Any CPU.Build.0 = Release|Any CPU
	EndGlobalSection
	GlobalSection(SolutionProperties) = preSolution
		HideSolutionNode = FALSE
	EndGlobalSection
	GlobalSection(NestedProjects) = preSolution
		{250C53D1-8976-4D97-BC61-4CC01F818FF3} = {E30EDBAC-CFDC-423F-A983-1E1EA4492594}
		{C6AEF029-3528-4948-A9EB-36AE74A08E54} = {E30EDBAC-CFDC-423F-A983-1E1EA4492594}
		{26D6624C-FA79-489D-980C-B141974DED41} = {E30EDBAC-CFDC-423F-A983-1E1EA4492594}
		{00F47722-0A55-4B7A-9629-AA5C00CC0AF3} = {C461E6CE-0CC0-45C4-BC59-3CD1865B4DDD}
		{59EFC7F5-98E1-4B2F-9E60-5E21458563EB} = {C461E6CE-0CC0-45C4-BC59-3CD1865B4DDD}
		{63343444-673D-4E07-A833-3C34D4AC38CE} = {C461E6CE-0CC0-45C4-BC59-3CD1865B4DDD}
		{33A7BDFB-97A7-4C8F-B621-1B6D89B15859} = {C907720F-D4BC-42A7-B871-9A7F6AC523E9}
		{3F8E8BCF-17A0-45CC-82E1-0D52A7473E01} = {C907720F-D4BC-42A7-B871-9A7F6AC523E9}
		{4AD915AD-025A-477C-815F-A2FB9D9921AF} = {C907720F-D4BC-42A7-B871-9A7F6AC523E9}
		{8CD1CF43-01BC-4A2E-9D85-7468D4A040C0} = {A9A98D74-CDC6-4B38-BA7D-15470243BD53}
		{FE59A23A-B93D-41CB-9C17-F828B768C172} = {A9A98D74-CDC6-4B38-BA7D-15470243BD53}
		{75C4FF80-DD6C-4EFC-937B-7B650C79ECDB} = {A9A98D74-CDC6-4B38-BA7D-15470243BD53}
		{4FEFC109-9B9C-4C6D-BCBE-448908513CD1} = {7844EBAA-8A7F-40A0-A718-0FAB0C28F6D9}
		{D70C9568-0A55-4C2A-95B1-BF3B785C5DEA} = {7844EBAA-8A7F-40A0-A718-0FAB0C28F6D9}
		{A25F92E0-8440-4847-BC52-CB8527BB0AEE} = {7844EBAA-8A7F-40A0-A718-0FAB0C28F6D9}
		{80C30D6B-F027-4888-AA25-013864AB81C3} = {9AB69E3E-FA2F-47EB-BBBF-43BF644B6DD9}
		{3A4706C3-648A-4B0F-8CC9-963DB92EF7D2} = {9AB69E3E-FA2F-47EB-BBBF-43BF644B6DD9}
		{3A3F6A6C-D3F0-4E02-8A2A-5BD1AC738BD0} = {9AB69E3E-FA2F-47EB-BBBF-43BF644B6DD9}
		{4FA43A78-877D-4F35-9FCE-FA0C56583A8C} = {B90275D5-6776-4F62-9AEB-F4B64B224497}
		{A0F900D0-ADB4-49F8-868B-7ABE29987DBF} = {B90275D5-6776-4F62-9AEB-F4B64B224497}
		{10B6C664-77DE-4FCA-A2AA-5420562F2D45} = {B90275D5-6776-4F62-9AEB-F4B64B224497}
		{860BBBAB-E407-46C8-A888-0076682716E6} = {EB4F0615-494A-466E-AA17-93C2F6AF371F}
		{B0B420E3-C09F-4316-BE2F-60285D3C73A9} = {EB4F0615-494A-466E-AA17-93C2F6AF371F}
		{83A01BBF-55EB-413F-906C-D3BAA7543817} = {EB4F0615-494A-466E-AA17-93C2F6AF371F}
	EndGlobalSection
	GlobalSection(ExtensibilityGlobals) = postSolution
		SolutionGuid = {A423C08F-B96A-4AA3-B655-826B535D375E}
	EndGlobalSection
EndGlobal
