
Microsoft Visual Studio Solution File, Format Version 12.00
# Visual Studio Version 16
VisualStudioVersion = 16.0.33927.289
MinimumVisualStudioVersion = 10.0.40219.1
Project("{2150E333-8FDC-42A3-9474-1A3956D46DE8}") = "Task0", "Task0", "{E30EDBAC-CFDC-423F-A983-1E1EA4492594}"
EndProject
Project("{FAE04EC0-301F-11D3-BF4B-00C04F79EFBC}") = "Tyuiu.YagodinVA.Sprint1.Task0.V30", "Tyuiu.YagodinVA.Sprint1.Task0.V30\Tyuiu.YagodinVA.Sprint1.Task0.V30.csproj", "{250C53D1-8976-4D97-BC61-4CC01F818FF3}"
EndProject
Project("{FAE04EC0-301F-11D3-BF4B-00C04F79EFBC}") = "Tyuiu.YagodinVA.Sprint1.Task0.V30.Lib", "Tyuiu.YagodinVA.Sprint1.Task0.V30.Lib\Tyuiu.YagodinVA.Sprint1.Task0.V30.Lib.csproj", "{C6AEF029-3528-4948-A9EB-36AE74A08E54}"
EndProject
Project("{FAE04EC0-301F-11D3-BF4B-00C04F79EFBC}") = "Tyuiu.YagodinVA.Sprint1.Task0.V30.Test", "Tyuiu.YagodinVA.Sprint1.Task0.V30.Test\Tyuiu.YagodinVA.Sprint1.Task0.V30.Test.csproj", "{26D6624C-FA79-489D-980C-B141974DED41}"
EndProject
Global
	GlobalSection(SolutionConfigurationPlatforms) = preSolution
		Debug|Any CPU = Debug|Any CPU
		Release|Any CPU = Release|Any CPU
	EndGlobalSection
	GlobalSection(ProjectConfigurationPlatforms) = postSolution
		{250C53D1-8976-4D97-BC61-4CC01F818FF3}.Debug|Any CPU.ActiveCfg = Debug|Any CPU
		{250C53D1-8976-4D97-BC61-4CC01F818FF3}.Debug|Any CPU.Build.0 = Debug|Any CPU
		{250C53D1-8976-4D97-BC61-4CC01F818FF3}.Release|Any CPU.ActiveCfg = Release|Any CPU
		{250C53D1-8976-4D97-BC61-4CC01F818FF3}.Release|Any CPU.Build.0 = Release|Any CPU
		{C6AEF029-3528-4948-A9EB-36AE74A08E54}.Debug|Any CPU.ActiveCfg = Debug|Any CPU
		{C6AEF029-3528-4948-A9EB-36AE74A08E54}.Debug|Any CPU.Build.0 = Debug|Any CPU
		{C6AEF029-3528-4948-A9EB-36AE74A08E54}.Release|Any CPU.ActiveCfg = Release|Any CPU
		{C6AEF029-3528-4948-A9EB-36AE74A08E54}.Release|Any CPU.Build.0 = Release|Any CPU
		{26D6624C-FA79-489D-980C-B141974DED41}.Debug|Any CPU.ActiveCfg = Debug|Any CPU
		{26D6624C-FA79-489D-980C-B141974DED41}.Debug|Any CPU.Build.0 = Debug|Any CPU
		{26D6624C-FA79-489D-980C-B141974DED41}.Release|Any CPU.ActiveCfg = Release|Any CPU
		{26D6624C-FA79-489D-980C-B141974DED41}.Release|Any CPU.Build.0 = Release|Any CPU
	EndGlobalSection
	GlobalSection(SolutionProperties) = preSolution
		HideSolutionNode = FALSE
	EndGlobalSection
	GlobalSection(NestedProjects) = preSolution
		{250C53D1-8976-4D97-BC61-4CC01F818FF3} = {E30EDBAC-CFDC-423F-A983-1E1EA4492594}
		{C6AEF029-3528-4948-A9EB-36AE74A08E54} = {E30EDBAC-CFDC-423F-A983-1E1EA4492594}
		{26D6624C-FA79-489D-980C-B141974DED41} = {E30EDBAC-CFDC-423F-A983-1E1EA4492594}
	EndGlobalSection
	GlobalSection(ExtensibilityGlobals) = postSolution
		SolutionGuid = {A423C08F-B96A-4AA3-B655-826B535D375E}
	EndGlobalSection
EndGlobal
